
Microsoft Visual Studio Solution File, Format Version 12.00
# Visual Studio Version 17
VisualStudioVersion = 17.6.33829.357
MinimumVisualStudioVersion = 10.0.40219.1
Project("{FAE04EC0-301F-11D3-BF4B-00C04F79EFBC}") = "ProjectMenager", "ProjectMenager.csproj", "{B7626A18-FFED-44CA-BFF4-4239B9556BC9}"
EndProject
Global
	GlobalSection(SolutionConfigurationPlatforms) = preSolution
		Debug|Any CPU = Debug|Any CPU
		Release|Any CPU = Release|Any CPU
	EndGlobalSection
	GlobalSection(ProjectConfigurationPlatforms) = postSolution
		{B7626A18-FFED-44CA-BFF4-4239B9556BC9}.Debug|Any CPU.ActiveCfg = Debug|Any CPU
		{B7626A18-FFED-44CA-BFF4-4239B9556BC9}.Debug|Any CPU.Build.0 = Debug|Any CPU
		{B7626A18-FFED-44CA-BFF4-4239B9556BC9}.Release|Any CPU.ActiveCfg = Release|Any CPU
		{B7626A18-FFED-44CA-BFF4-4239B9556BC9}.Release|Any CPU.Build.0 = Release|Any CPU
	EndGlobalSection
	GlobalSection(SolutionProperties) = preSolution
		HideSolutionNode = FALSE
	EndGlobalSection
	GlobalSection(ExtensibilityGlobals) = postSolution
		SolutionGuid = {45A3C287-4968-4455-98E0-F2D2069A64C3}
	EndGlobalSection
EndGlobal
